{
  "name": "QMZJ",
  "version": "1.0.0",
  "lockfileVersion": 1,
  "requires": true,
  "dependencies": {
    "@babel/runtime": {
      "version": "7.15.4",
      "resolved": "https://registry.nlark.com/@babel/runtime/download/@babel/runtime-7.15.4.tgz?cache=0&sync_timestamp=1630618785994&other_urls=https%3A%2F%2Fregistry.nlark.com%2F%40babel%2Fruntime%2Fdownload%2F%40babel%2Fruntime-7.15.4.tgz",
      "integrity": "sha1-/RfRa/34eObdAtGXU6OfqKjZyEo=",
      "requires": {
        "regenerator-runtime": "^0.13.4"
      }
    },
    "mini-ali-ui": {
      "version": "1.4.1",
      "resolved": "https://registry.npmmirror.com/mini-ali-ui/download/mini-ali-ui-1.4.1.tgz",
      "integrity": "sha1-VIvlss/v5IZwQ+lr04XThwpziac=",
      "requires": {
        "@babel/runtime": "^7.11.2"
      }
    },
    "mini-antui": {
      "version": "0.4.35",
      "resolved": "https://registry.nlark.com/mini-antui/download/mini-antui-0.4.35.tgz",
      "integrity": "sha1-4y2N8cZKxVj4Rx2y5GBzsg3k3Sw="
    },
    "regenerator-runtime": {
      "version": "0.13.9",
      "resolved": "https://registry.nlark.com/regenerator-runtime/download/regenerator-runtime-0.13.9.tgz",
      "integrity": "sha1-iSV0Kpj/2QgUmI11Zq0wyjsmO1I="
    }
  }
}
